{
  "name": "atomizr-css-example-basic",
  "version": "1.0.0",
  "lockfileVersion": 1,
  "requires": true,
  "dependencies": {
    "cssar": {
      "version": "file:../../cssar",
      "requires": {
        "cheerio": "^1.0.0-rc.3",
        "fs-extra": "^7.0.1",
        "less": "^3.9.0"
      }
    }
  }
}
